// !$*UTF8*$!
{
	archiveVersion = 1;
	classes = {
	};
	objectVersion = 56;
	objects = {

/* Begin PBXBuildFile section */
		F5358CA529F52467005FD6C8 /* DiaryApp.swift in Sources */ = {isa = PBXBuildFile; fileRef = F5358CA429F52467005FD6C8 /* DiaryApp.swift */; };
		F5358CA929F52468005FD6C8 /* Assets.xcassets in Resources */ = {isa = PBXBuildFile; fileRef = F5358CA829F52468005FD6C8 /* Assets.xcassets */; };
		F5358CAC29F52468005FD6C8 /* Preview Assets.xcassets in Resources */ = {isa = PBXBuildFile; fileRef = F5358CAB29F52468005FD6C8 /* Preview Assets.xcassets */; };
		F5358CAE29F52468005FD6C8 /* CoreDataProvider.swift in Sources */ = {isa = PBXBuildFile; fileRef = F5358CAD29F52468005FD6C8 /* CoreDataProvider.swift */; };
		F5358CB129F52468005FD6C8 /* Diary.xcdatamodeld in Sources */ = {isa = PBXBuildFile; fileRef = F5358CAF29F52468005FD6C8 /* Diary.xcdatamodeld */; };
		F5358CBE29F691E8005FD6C8 /* BaseModel.swift in Sources */ = {isa = PBXBuildFile; fileRef = F5358CBD29F691E8005FD6C8 /* BaseModel.swift */; };
		F5358CC029F69276005FD6C8 /* Item+Extension.swift in Sources */ = {isa = PBXBuildFile; fileRef = F5358CBF29F69276005FD6C8 /* Item+Extension.swift */; };
		F5358CC229F6DFE5005FD6C8 /* Date+Extension.swift in Sources */ = {isa = PBXBuildFile; fileRef = F5358CC129F6DFE5005FD6C8 /* Date+Extension.swift */; };
		F5358D0129F80879005FD6C8 /* DiaryItemTests.swift in Sources */ = {isa = PBXBuildFile; fileRef = F5358D0029F80879005FD6C8 /* DiaryItemTests.swift */; };
		F5358D0829F8B602005FD6C8 /* MockCoreData.swift in Sources */ = {isa = PBXBuildFile; fileRef = F5358D0729F8B602005FD6C8 /* MockCoreData.swift */; };
		F5358D0A29F8B8B9005FD6C8 /* WeatherDataStore.swift in Sources */ = {isa = PBXBuildFile; fileRef = F5358D0929F8B8B9005FD6C8 /* WeatherDataStore.swift */; };
		F5358D0C29F8BB86005FD6C8 /* AsyncState.swift in Sources */ = {isa = PBXBuildFile; fileRef = F5358D0B29F8BB86005FD6C8 /* AsyncState.swift */; };
		F5358D0E29F8BBE3005FD6C8 /* View+AsyncState.swift in Sources */ = {isa = PBXBuildFile; fileRef = F5358D0D29F8BBE3005FD6C8 /* View+AsyncState.swift */; };
		F5358D1029F8BC5B005FD6C8 /* LocationService.swift in Sources */ = {isa = PBXBuildFile; fileRef = F5358D0F29F8BC5B005FD6C8 /* LocationService.swift */; };
		F5358D1229F92DDD005FD6C8 /* NotificationService.swift in Sources */ = {isa = PBXBuildFile; fileRef = F5358D1129F92DDD005FD6C8 /* NotificationService.swift */; };
		F5358D1429FAADAC005FD6C8 /* UIImage+Extension.swift in Sources */ = {isa = PBXBuildFile; fileRef = F5358D1329FAADAC005FD6C8 /* UIImage+Extension.swift */; };
		F5358D2429FEAB60005FD6C8 /* View+Extension.swift in Sources */ = {isa = PBXBuildFile; fileRef = F5358D2329FEAB60005FD6C8 /* View+Extension.swift */; };
		F5358D2629FEB2E9005FD6C8 /* UserDefaults.swift in Sources */ = {isa = PBXBuildFile; fileRef = F5358D2529FEB2E9005FD6C8 /* UserDefaults.swift */; };
		F5358D2A29FF401D005FD6C8 /* HomeView.swift in Sources */ = {isa = PBXBuildFile; fileRef = F5358D2929FF401D005FD6C8 /* HomeView.swift */; };
		F5358D2E29FF53E6005FD6C8 /* DiaryDataStore.swift in Sources */ = {isa = PBXBuildFile; fileRef = F5358D2D29FF53E6005FD6C8 /* DiaryDataStore.swift */; };
		F5358D302A000DCC005FD6C8 /* DiaryItem.swift in Sources */ = {isa = PBXBuildFile; fileRef = F5358D2F2A000DCC005FD6C8 /* DiaryItem.swift */; };
		F5358D322A000E5D005FD6C8 /* Color.swift in Sources */ = {isa = PBXBuildFile; fileRef = F5358D312A000E5D005FD6C8 /* Color.swift */; };
		F5358D342A000E9B005FD6C8 /* Shadow.swift in Sources */ = {isa = PBXBuildFile; fileRef = F5358D332A000E9B005FD6C8 /* Shadow.swift */; };
		F5358D382A00B621005FD6C8 /* Direction.swift in Sources */ = {isa = PBXBuildFile; fileRef = F5358D372A00B621005FD6C8 /* Direction.swift */; };
		F5358D3A2A00BB1E005FD6C8 /* FloatingActionButton.swift in Sources */ = {isa = PBXBuildFile; fileRef = F5358D392A00BB1E005FD6C8 /* FloatingActionButton.swift */; };
		F5358D3C2A00D5CF005FD6C8 /* ActionButtonStyle.swift in Sources */ = {isa = PBXBuildFile; fileRef = F5358D3B2A00D5CF005FD6C8 /* ActionButtonStyle.swift */; };
		F5358D512A054D05005FD6C8 /* DiaryDetailView.swift in Sources */ = {isa = PBXBuildFile; fileRef = F5358D502A054D05005FD6C8 /* DiaryDetailView.swift */; };
		F5358D532A0698BE005FD6C8 /* WeatherSelectButton.swift in Sources */ = {isa = PBXBuildFile; fileRef = F5358D522A0698BE005FD6C8 /* WeatherSelectButton.swift */; };
		F5358D552A069BB2005FD6C8 /* InputTitle.swift in Sources */ = {isa = PBXBuildFile; fileRef = F5358D542A069BB2005FD6C8 /* InputTitle.swift */; };
		F5358D572A069C90005FD6C8 /* InputBodyButton.swift in Sources */ = {isa = PBXBuildFile; fileRef = F5358D562A069C90005FD6C8 /* InputBodyButton.swift */; };
		F53CE9632A153CB400E63078 /* WeatherSymbol.swift in Sources */ = {isa = PBXBuildFile; fileRef = F53CE9622A153CB400E63078 /* WeatherSymbol.swift */; };
		F53CE9682A1B7C4F00E63078 /* CalendarView.swift in Sources */ = {isa = PBXBuildFile; fileRef = F53CE9672A1B7C4F00E63078 /* CalendarView.swift */; };
		F53E3A732A087ADE0064CB62 /* DiaryImageView.swift in Sources */ = {isa = PBXBuildFile; fileRef = F53E3A722A087ADE0064CB62 /* DiaryImageView.swift */; };
		F53E3A762A09413F0064CB62 /* DiaryAppDelegate.swift in Sources */ = {isa = PBXBuildFile; fileRef = F53E3A752A09413F0064CB62 /* DiaryAppDelegate.swift */; };
		F53E3A782A0941850064CB62 /* DiaryAppSceneDelegate.swift in Sources */ = {isa = PBXBuildFile; fileRef = F53E3A772A0941850064CB62 /* DiaryAppSceneDelegate.swift */; };
		F53E3A7A2A0941F20064CB62 /* BannerState.swift in Sources */ = {isa = PBXBuildFile; fileRef = F53E3A792A0941F20064CB62 /* BannerState.swift */; };
		F53E3A7D2A0942710064CB62 /* BannerView.swift in Sources */ = {isa = PBXBuildFile; fileRef = F53E3A7C2A0942710064CB62 /* BannerView.swift */; };
		F53E3A7F2A0944A20064CB62 /* PassThroughWindow.swift in Sources */ = {isa = PBXBuildFile; fileRef = F53E3A7E2A0944A20064CB62 /* PassThroughWindow.swift */; };
		F53E3A852A0A1F510064CB62 /* DiaryList.swift in Sources */ = {isa = PBXBuildFile; fileRef = F53E3A842A0A1F510064CB62 /* DiaryList.swift */; };
		F53E3A882A0BB6D50064CB62 /* TextOptionsView.swift in Sources */ = {isa = PBXBuildFile; fileRef = F53E3A872A0BB6D50064CB62 /* TextOptionsView.swift */; };
		F53E3A8A2A0BC88E0064CB62 /* AppInfoView.swift in Sources */ = {isa = PBXBuildFile; fileRef = F53E3A892A0BC88E0064CB62 /* AppInfoView.swift */; };
		F53E3A8E2A0C07680064CB62 /* TextOptions.swift in Sources */ = {isa = PBXBuildFile; fileRef = F53E3A8D2A0C07680064CB62 /* TextOptions.swift */; };
		F53E3A902A0C8FCC0064CB62 /* BookmarkListView.swift in Sources */ = {isa = PBXBuildFile; fileRef = F53E3A8F2A0C8FCC0064CB62 /* BookmarkListView.swift */; };
		F54395E22A45C40600C74D59 /* CreateDiaryView.swift in Sources */ = {isa = PBXBuildFile; fileRef = F54395E12A45C40600C74D59 /* CreateDiaryView.swift */; };
		F54395E42A47F43400C74D59 /* DiaryTextEditor.swift in Sources */ = {isa = PBXBuildFile; fileRef = F54395E32A47F43300C74D59 /* DiaryTextEditor.swift */; };
		F549A54F2A57970C003E7F68 /* Binding+Extension.swift in Sources */ = {isa = PBXBuildFile; fileRef = F549A54E2A57970C003E7F68 /* Binding+Extension.swift */; };
		F549A5512A57A496003E7F68 /* GoogleService-Info.plist in Resources */ = {isa = PBXBuildFile; fileRef = F549A5502A57A495003E7F68 /* GoogleService-Info.plist */; };
		F549A5542A57A581003E7F68 /* FirebaseAnalytics in Frameworks */ = {isa = PBXBuildFile; productRef = F549A5532A57A581003E7F68 /* FirebaseAnalytics */; };
		F550BC952A0E499600BCB0F2 /* ReminderSettingView.swift in Sources */ = {isa = PBXBuildFile; fileRef = F550BC942A0E499600BCB0F2 /* ReminderSettingView.swift */; };
		F550BC992A0E58BD00BCB0F2 /* NotificationSetting.swift in Sources */ = {isa = PBXBuildFile; fileRef = F550BC982A0E58BD00BCB0F2 /* NotificationSetting.swift */; };
		F550BC9C2A111C0B00BCB0F2 /* Button+Haptic.swift in Sources */ = {isa = PBXBuildFile; fileRef = F550BC9B2A111C0B00BCB0F2 /* Button+Haptic.swift */; };
		F550BCA92A1281EC00BCB0F2 /* ResizableLayer.swift in Sources */ = {isa = PBXBuildFile; fileRef = F550BCA82A1281EC00BCB0F2 /* ResizableLayer.swift */; };
		F550BCAB2A1284AC00BCB0F2 /* FluidGradientView.swift in Sources */ = {isa = PBXBuildFile; fileRef = F550BCAA2A1284AC00BCB0F2 /* FluidGradientView.swift */; };
		F550BCAD2A1284EF00BCB0F2 /* FluidGradient.swift in Sources */ = {isa = PBXBuildFile; fileRef = F550BCAC2A1284EF00BCB0F2 /* FluidGradient.swift */; };
		F550BCAF2A12852C00BCB0F2 /* BlobLayer.swift in Sources */ = {isa = PBXBuildFile; fileRef = F550BCAE2A12852C00BCB0F2 /* BlobLayer.swift */; };
		F5578E6E2A4AE21800562FCB /* Image.swift in Sources */ = {isa = PBXBuildFile; fileRef = F5578E6D2A4AE21800562FCB /* Image.swift */; };
		F568BB6B2A3B88E2000330E1 /* DiaryContentType.swift in Sources */ = {isa = PBXBuildFile; fileRef = F568BB6A2A3B88E2000330E1 /* DiaryContentType.swift */; };
		F568BB6D2A3B8A44000330E1 /* ContentTypeSegmentedPicker.swift in Sources */ = {isa = PBXBuildFile; fileRef = F568BB6C2A3B8A44000330E1 /* ContentTypeSegmentedPicker.swift */; };
		F5737D3A2A28882000D706E8 /* HomeTop.swift in Sources */ = {isa = PBXBuildFile; fileRef = F5737D392A28882000D706E8 /* HomeTop.swift */; };
		F5737D492A303EBA00D706E8 /* CheckList.swift in Sources */ = {isa = PBXBuildFile; fileRef = F5737D482A303EBA00D706E8 /* CheckList.swift */; };
		F5737D4B2A30AE4700D706E8 /* CheckListItem+Extension.swift in Sources */ = {isa = PBXBuildFile; fileRef = F5737D4A2A30AE4700D706E8 /* CheckListItem+Extension.swift */; };
		F576D37E2A433CCC0062650A /* iCloudSetupView.swift in Sources */ = {isa = PBXBuildFile; fileRef = F576D37D2A433CCC0062650A /* iCloudSetupView.swift */; };
		F576D3802A433DC10062650A /* IconWithRoundedBackground.swift in Sources */ = {isa = PBXBuildFile; fileRef = F576D37F2A433DC10062650A /* IconWithRoundedBackground.swift */; };
		F5BF44342A4C2CAE00217119 /* CheckListContent.swift in Sources */ = {isa = PBXBuildFile; fileRef = F5BF44332A4C2CAE00217119 /* CheckListContent.swift */; };
		F5BF44362A4C747900217119 /* CheckListEditor.swift in Sources */ = {isa = PBXBuildFile; fileRef = F5BF44352A4C747900217119 /* CheckListEditor.swift */; };
		F5BF44382A4F4B7B00217119 /* CheckListTextEditor.swift in Sources */ = {isa = PBXBuildFile; fileRef = F5BF44372A4F4B7B00217119 /* CheckListTextEditor.swift */; };
		F5BF443B2A5059F100217119 /* XButton.swift in Sources */ = {isa = PBXBuildFile; fileRef = F5BF443A2A5059F100217119 /* XButton.swift */; };
		F5BF443D2A52FE8000217119 /* FeedbackPhrase.swift in Sources */ = {isa = PBXBuildFile; fileRef = F5BF443C2A52FE8000217119 /* FeedbackPhrase.swift */; };
		F5BF443F2A53170E00217119 /* SafariView.swift in Sources */ = {isa = PBXBuildFile; fileRef = F5BF443E2A53170E00217119 /* SafariView.swift */; };
		F5BF44412A5348CF00217119 /* AppVersion.swift in Sources */ = {isa = PBXBuildFile; fileRef = F5BF44402A5348CF00217119 /* AppVersion.swift */; };
		F5BF44432A54714300217119 /* Locale+Extension.swift in Sources */ = {isa = PBXBuildFile; fileRef = F5BF44422A54714300217119 /* Locale+Extension.swift */; };
		F5BF44462A557E8600217119 /* WelcomeView.swift in Sources */ = {isa = PBXBuildFile; fileRef = F5BF44452A557E8600217119 /* WelcomeView.swift */; };
/* End PBXBuildFile section */

/* Begin PBXContainerItemProxy section */
		F5358D0229F80879005FD6C8 /* PBXContainerItemProxy */ = {
			isa = PBXContainerItemProxy;
			containerPortal = F5358C9929F52467005FD6C8 /* Project object */;
			proxyType = 1;
			remoteGlobalIDString = F5358CA029F52467005FD6C8;
			remoteInfo = Diary;
		};
/* End PBXContainerItemProxy section */

/* Begin PBXFileReference section */
		F5358CA129F52467005FD6C8 /* Diary.app */ = {isa = PBXFileReference; explicitFileType = wrapper.application; includeInIndex = 0; path = Diary.app; sourceTree = BUILT_PRODUCTS_DIR; };
		F5358CA429F52467005FD6C8 /* DiaryApp.swift */ = {isa = PBXFileReference; lastKnownFileType = sourcecode.swift; path = DiaryApp.swift; sourceTree = "<group>"; };
		F5358CA829F52468005FD6C8 /* Assets.xcassets */ = {isa = PBXFileReference; lastKnownFileType = folder.assetcatalog; path = Assets.xcassets; sourceTree = "<group>"; };
		F5358CAB29F52468005FD6C8 /* Preview Assets.xcassets */ = {isa = PBXFileReference; lastKnownFileType = folder.assetcatalog; path = "Preview Assets.xcassets"; sourceTree = "<group>"; };
		F5358CAD29F52468005FD6C8 /* CoreDataProvider.swift */ = {isa = PBXFileReference; lastKnownFileType = sourcecode.swift; path = CoreDataProvider.swift; sourceTree = "<group>"; };
		F5358CB029F52468005FD6C8 /* Diary.xcdatamodel */ = {isa = PBXFileReference; lastKnownFileType = wrapper.xcdatamodel; path = Diary.xcdatamodel; sourceTree = "<group>"; };
		F5358CB229F52468005FD6C8 /* Info.plist */ = {isa = PBXFileReference; lastKnownFileType = text.plist.xml; path = Info.plist; sourceTree = "<group>"; };
		F5358CB829F53BB5005FD6C8 /* Diary.entitlements */ = {isa = PBXFileReference; lastKnownFileType = text.plist.entitlements; path = Diary.entitlements; sourceTree = "<group>"; };
		F5358CBD29F691E8005FD6C8 /* BaseModel.swift */ = {isa = PBXFileReference; lastKnownFileType = sourcecode.swift; path = BaseModel.swift; sourceTree = "<group>"; };
		F5358CBF29F69276005FD6C8 /* Item+Extension.swift */ = {isa = PBXFileReference; lastKnownFileType = sourcecode.swift; path = "Item+Extension.swift"; sourceTree = "<group>"; };
		F5358CC129F6DFE5005FD6C8 /* Date+Extension.swift */ = {isa = PBXFileReference; lastKnownFileType = sourcecode.swift; path = "Date+Extension.swift"; sourceTree = "<group>"; };
		F5358CFE29F80879005FD6C8 /* DiaryTests.xctest */ = {isa = PBXFileReference; explicitFileType = wrapper.cfbundle; includeInIndex = 0; path = DiaryTests.xctest; sourceTree = BUILT_PRODUCTS_DIR; };
		F5358D0029F80879005FD6C8 /* DiaryItemTests.swift */ = {isa = PBXFileReference; lastKnownFileType = sourcecode.swift; path = DiaryItemTests.swift; sourceTree = "<group>"; };
		F5358D0729F8B602005FD6C8 /* MockCoreData.swift */ = {isa = PBXFileReference; lastKnownFileType = sourcecode.swift; path = MockCoreData.swift; sourceTree = "<group>"; };
		F5358D0929F8B8B9005FD6C8 /* WeatherDataStore.swift */ = {isa = PBXFileReference; lastKnownFileType = sourcecode.swift; path = WeatherDataStore.swift; sourceTree = "<group>"; };
		F5358D0B29F8BB86005FD6C8 /* AsyncState.swift */ = {isa = PBXFileReference; lastKnownFileType = sourcecode.swift; path = AsyncState.swift; sourceTree = "<group>"; };
		F5358D0D29F8BBE3005FD6C8 /* View+AsyncState.swift */ = {isa = PBXFileReference; lastKnownFileType = sourcecode.swift; path = "View+AsyncState.swift"; sourceTree = "<group>"; };
		F5358D0F29F8BC5B005FD6C8 /* LocationService.swift */ = {isa = PBXFileReference; lastKnownFileType = sourcecode.swift; path = LocationService.swift; sourceTree = "<group>"; };
		F5358D1129F92DDD005FD6C8 /* NotificationService.swift */ = {isa = PBXFileReference; lastKnownFileType = sourcecode.swift; path = NotificationService.swift; sourceTree = "<group>"; };
		F5358D1329FAADAC005FD6C8 /* UIImage+Extension.swift */ = {isa = PBXFileReference; lastKnownFileType = sourcecode.swift; path = "UIImage+Extension.swift"; sourceTree = "<group>"; };
		F5358D2329FEAB60005FD6C8 /* View+Extension.swift */ = {isa = PBXFileReference; lastKnownFileType = sourcecode.swift; path = "View+Extension.swift"; sourceTree = "<group>"; };
		F5358D2529FEB2E9005FD6C8 /* UserDefaults.swift */ = {isa = PBXFileReference; lastKnownFileType = sourcecode.swift; path = UserDefaults.swift; sourceTree = "<group>"; };
		F5358D2929FF401D005FD6C8 /* HomeView.swift */ = {isa = PBXFileReference; lastKnownFileType = sourcecode.swift; path = HomeView.swift; sourceTree = "<group>"; };
		F5358D2D29FF53E6005FD6C8 /* DiaryDataStore.swift */ = {isa = PBXFileReference; lastKnownFileType = sourcecode.swift; path = DiaryDataStore.swift; sourceTree = "<group>"; };
		F5358D2F2A000DCC005FD6C8 /* DiaryItem.swift */ = {isa = PBXFileReference; lastKnownFileType = sourcecode.swift; path = DiaryItem.swift; sourceTree = "<group>"; };
		F5358D312A000E5D005FD6C8 /* Color.swift */ = {isa = PBXFileReference; lastKnownFileType = sourcecode.swift; path = Color.swift; sourceTree = "<group>"; };
		F5358D332A000E9B005FD6C8 /* Shadow.swift */ = {isa = PBXFileReference; lastKnownFileType = sourcecode.swift; path = Shadow.swift; sourceTree = "<group>"; };
		F5358D372A00B621005FD6C8 /* Direction.swift */ = {isa = PBXFileReference; lastKnownFileType = sourcecode.swift; path = Direction.swift; sourceTree = "<group>"; };
		F5358D392A00BB1E005FD6C8 /* FloatingActionButton.swift */ = {isa = PBXFileReference; lastKnownFileType = sourcecode.swift; path = FloatingActionButton.swift; sourceTree = "<group>"; };
		F5358D3B2A00D5CF005FD6C8 /* ActionButtonStyle.swift */ = {isa = PBXFileReference; lastKnownFileType = sourcecode.swift; path = ActionButtonStyle.swift; sourceTree = "<group>"; };
		F5358D502A054D05005FD6C8 /* DiaryDetailView.swift */ = {isa = PBXFileReference; lastKnownFileType = sourcecode.swift; path = DiaryDetailView.swift; sourceTree = "<group>"; };
		F5358D522A0698BE005FD6C8 /* WeatherSelectButton.swift */ = {isa = PBXFileReference; lastKnownFileType = sourcecode.swift; path = WeatherSelectButton.swift; sourceTree = "<group>"; };
		F5358D542A069BB2005FD6C8 /* InputTitle.swift */ = {isa = PBXFileReference; lastKnownFileType = sourcecode.swift; path = InputTitle.swift; sourceTree = "<group>"; };
		F5358D562A069C90005FD6C8 /* InputBodyButton.swift */ = {isa = PBXFileReference; lastKnownFileType = sourcecode.swift; path = InputBodyButton.swift; sourceTree = "<group>"; };
		F53CE9622A153CB400E63078 /* WeatherSymbol.swift */ = {isa = PBXFileReference; lastKnownFileType = sourcecode.swift; path = WeatherSymbol.swift; sourceTree = "<group>"; };
		F53CE9672A1B7C4F00E63078 /* CalendarView.swift */ = {isa = PBXFileReference; lastKnownFileType = sourcecode.swift; path = CalendarView.swift; sourceTree = "<group>"; };
		F53E3A722A087ADE0064CB62 /* DiaryImageView.swift */ = {isa = PBXFileReference; lastKnownFileType = sourcecode.swift; path = DiaryImageView.swift; sourceTree = "<group>"; };
		F53E3A752A09413F0064CB62 /* DiaryAppDelegate.swift */ = {isa = PBXFileReference; lastKnownFileType = sourcecode.swift; path = DiaryAppDelegate.swift; sourceTree = "<group>"; };
		F53E3A772A0941850064CB62 /* DiaryAppSceneDelegate.swift */ = {isa = PBXFileReference; lastKnownFileType = sourcecode.swift; path = DiaryAppSceneDelegate.swift; sourceTree = "<group>"; };
		F53E3A792A0941F20064CB62 /* BannerState.swift */ = {isa = PBXFileReference; lastKnownFileType = sourcecode.swift; path = BannerState.swift; sourceTree = "<group>"; };
		F53E3A7C2A0942710064CB62 /* BannerView.swift */ = {isa = PBXFileReference; lastKnownFileType = sourcecode.swift; path = BannerView.swift; sourceTree = "<group>"; };
		F53E3A7E2A0944A20064CB62 /* PassThroughWindow.swift */ = {isa = PBXFileReference; lastKnownFileType = sourcecode.swift; path = PassThroughWindow.swift; sourceTree = "<group>"; };
		F53E3A842A0A1F510064CB62 /* DiaryList.swift */ = {isa = PBXFileReference; lastKnownFileType = sourcecode.swift; path = DiaryList.swift; sourceTree = "<group>"; };
		F53E3A872A0BB6D50064CB62 /* TextOptionsView.swift */ = {isa = PBXFileReference; lastKnownFileType = sourcecode.swift; path = TextOptionsView.swift; sourceTree = "<group>"; };
		F53E3A892A0BC88E0064CB62 /* AppInfoView.swift */ = {isa = PBXFileReference; lastKnownFileType = sourcecode.swift; path = AppInfoView.swift; sourceTree = "<group>"; };
		F53E3A8D2A0C07680064CB62 /* TextOptions.swift */ = {isa = PBXFileReference; lastKnownFileType = sourcecode.swift; path = TextOptions.swift; sourceTree = "<group>"; };
		F53E3A8F2A0C8FCC0064CB62 /* BookmarkListView.swift */ = {isa = PBXFileReference; lastKnownFileType = sourcecode.swift; path = BookmarkListView.swift; sourceTree = "<group>"; };
		F54395E12A45C40600C74D59 /* CreateDiaryView.swift */ = {isa = PBXFileReference; fileEncoding = 4; lastKnownFileType = sourcecode.swift; path = CreateDiaryView.swift; sourceTree = "<group>"; };
		F54395E32A47F43300C74D59 /* DiaryTextEditor.swift */ = {isa = PBXFileReference; lastKnownFileType = sourcecode.swift; path = DiaryTextEditor.swift; sourceTree = "<group>"; };
		F549A54E2A57970C003E7F68 /* Binding+Extension.swift */ = {isa = PBXFileReference; lastKnownFileType = sourcecode.swift; path = "Binding+Extension.swift"; sourceTree = "<group>"; };
		F549A5502A57A495003E7F68 /* GoogleService-Info.plist */ = {isa = PBXFileReference; fileEncoding = 4; lastKnownFileType = text.plist.xml; path = "GoogleService-Info.plist"; sourceTree = "<group>"; };
		F550BC942A0E499600BCB0F2 /* ReminderSettingView.swift */ = {isa = PBXFileReference; lastKnownFileType = sourcecode.swift; path = ReminderSettingView.swift; sourceTree = "<group>"; };
		F550BC982A0E58BD00BCB0F2 /* NotificationSetting.swift */ = {isa = PBXFileReference; lastKnownFileType = sourcecode.swift; path = NotificationSetting.swift; sourceTree = "<group>"; };
		F550BC9B2A111C0B00BCB0F2 /* Button+Haptic.swift */ = {isa = PBXFileReference; lastKnownFileType = sourcecode.swift; path = "Button+Haptic.swift"; sourceTree = "<group>"; };
		F550BCA82A1281EC00BCB0F2 /* ResizableLayer.swift */ = {isa = PBXFileReference; lastKnownFileType = sourcecode.swift; path = ResizableLayer.swift; sourceTree = "<group>"; };
		F550BCAA2A1284AC00BCB0F2 /* FluidGradientView.swift */ = {isa = PBXFileReference; lastKnownFileType = sourcecode.swift; path = FluidGradientView.swift; sourceTree = "<group>"; };
		F550BCAC2A1284EF00BCB0F2 /* FluidGradient.swift */ = {isa = PBXFileReference; lastKnownFileType = sourcecode.swift; path = FluidGradient.swift; sourceTree = "<group>"; };
		F550BCAE2A12852C00BCB0F2 /* BlobLayer.swift */ = {isa = PBXFileReference; lastKnownFileType = sourcecode.swift; path = BlobLayer.swift; sourceTree = "<group>"; };
		F5578E6D2A4AE21800562FCB /* Image.swift */ = {isa = PBXFileReference; lastKnownFileType = sourcecode.swift; path = Image.swift; sourceTree = "<group>"; };
		F568BB6A2A3B88E2000330E1 /* DiaryContentType.swift */ = {isa = PBXFileReference; lastKnownFileType = sourcecode.swift; path = DiaryContentType.swift; sourceTree = "<group>"; };
		F568BB6C2A3B8A44000330E1 /* ContentTypeSegmentedPicker.swift */ = {isa = PBXFileReference; lastKnownFileType = sourcecode.swift; path = ContentTypeSegmentedPicker.swift; sourceTree = "<group>"; };
		F5737D392A28882000D706E8 /* HomeTop.swift */ = {isa = PBXFileReference; lastKnownFileType = sourcecode.swift; path = HomeTop.swift; sourceTree = "<group>"; };
		F5737D482A303EBA00D706E8 /* CheckList.swift */ = {isa = PBXFileReference; lastKnownFileType = sourcecode.swift; path = CheckList.swift; sourceTree = "<group>"; };
		F5737D4A2A30AE4700D706E8 /* CheckListItem+Extension.swift */ = {isa = PBXFileReference; lastKnownFileType = sourcecode.swift; path = "CheckListItem+Extension.swift"; sourceTree = "<group>"; };
		F576D37D2A433CCC0062650A /* iCloudSetupView.swift */ = {isa = PBXFileReference; lastKnownFileType = sourcecode.swift; path = iCloudSetupView.swift; sourceTree = "<group>"; };
		F576D37F2A433DC10062650A /* IconWithRoundedBackground.swift */ = {isa = PBXFileReference; lastKnownFileType = sourcecode.swift; path = IconWithRoundedBackground.swift; sourceTree = "<group>"; };
		F5BF44332A4C2CAE00217119 /* CheckListContent.swift */ = {isa = PBXFileReference; lastKnownFileType = sourcecode.swift; path = CheckListContent.swift; sourceTree = "<group>"; };
		F5BF44352A4C747900217119 /* CheckListEditor.swift */ = {isa = PBXFileReference; lastKnownFileType = sourcecode.swift; path = CheckListEditor.swift; sourceTree = "<group>"; };
		F5BF44372A4F4B7B00217119 /* CheckListTextEditor.swift */ = {isa = PBXFileReference; lastKnownFileType = sourcecode.swift; path = CheckListTextEditor.swift; sourceTree = "<group>"; };
		F5BF443A2A5059F100217119 /* XButton.swift */ = {isa = PBXFileReference; lastKnownFileType = sourcecode.swift; path = XButton.swift; sourceTree = "<group>"; };
		F5BF443C2A52FE8000217119 /* FeedbackPhrase.swift */ = {isa = PBXFileReference; lastKnownFileType = sourcecode.swift; path = FeedbackPhrase.swift; sourceTree = "<group>"; };
		F5BF443E2A53170E00217119 /* SafariView.swift */ = {isa = PBXFileReference; lastKnownFileType = sourcecode.swift; path = SafariView.swift; sourceTree = "<group>"; };
		F5BF44402A5348CF00217119 /* AppVersion.swift */ = {isa = PBXFileReference; lastKnownFileType = sourcecode.swift; path = AppVersion.swift; sourceTree = "<group>"; };
		F5BF44422A54714300217119 /* Locale+Extension.swift */ = {isa = PBXFileReference; lastKnownFileType = sourcecode.swift; path = "Locale+Extension.swift"; sourceTree = "<group>"; };
		F5BF44452A557E8600217119 /* WelcomeView.swift */ = {isa = PBXFileReference; lastKnownFileType = sourcecode.swift; path = WelcomeView.swift; sourceTree = "<group>"; };
/* End PBXFileReference section */

/* Begin PBXFrameworksBuildPhase section */
		F5358C9E29F52467005FD6C8 /* Frameworks */ = {
			isa = PBXFrameworksBuildPhase;
			buildActionMask = 2147483647;
			files = (
				F549A5542A57A581003E7F68 /* FirebaseAnalytics in Frameworks */,
			);
			runOnlyForDeploymentPostprocessing = 0;
		};
		F5358CFB29F80879005FD6C8 /* Frameworks */ = {
			isa = PBXFrameworksBuildPhase;
			buildActionMask = 2147483647;
			files = (
			);
			runOnlyForDeploymentPostprocessing = 0;
		};
/* End PBXFrameworksBuildPhase section */

/* Begin PBXGroup section */
		F5358C9829F52467005FD6C8 = {
			isa = PBXGroup;
			children = (
				F5358CA329F52467005FD6C8 /* Diary */,
				F5358CFF29F80879005FD6C8 /* DiaryTests */,
				F5358CA229F52467005FD6C8 /* Products */,
			);
			sourceTree = "<group>";
		};
		F5358CA229F52467005FD6C8 /* Products */ = {
			isa = PBXGroup;
			children = (
				F5358CA129F52467005FD6C8 /* Diary.app */,
				F5358CFE29F80879005FD6C8 /* DiaryTests.xctest */,
			);
			name = Products;
			sourceTree = "<group>";
		};
		F5358CA329F52467005FD6C8 /* Diary */ = {
			isa = PBXGroup;
			children = (
				F53E3A742A0941180064CB62 /* App */,
				F5358CBB29F60286005FD6C8 /* Extension */,
				F5358CB929F60273005FD6C8 /* Model */,
				F5358CBC29F602BD005FD6C8 /* Service */,
				F5358D2229FEAB46005FD6C8 /* StyleGuide */,
				F5358CBA29F6027A005FD6C8 /* View */,
				F5BF44442A557E6E00217119 /* Welcome */,
				F5358CB829F53BB5005FD6C8 /* Diary.entitlements */,
				F5358CA829F52468005FD6C8 /* Assets.xcassets */,
				F5358CB229F52468005FD6C8 /* Info.plist */,
				F549A5502A57A495003E7F68 /* GoogleService-Info.plist */,
				F5358CAA29F52468005FD6C8 /* Preview Content */,
			);
			path = Diary;
			sourceTree = "<group>";
		};
		F5358CAA29F52468005FD6C8 /* Preview Content */ = {
			isa = PBXGroup;
			children = (
				F5358CAB29F52468005FD6C8 /* Preview Assets.xcassets */,
			);
			path = "Preview Content";
			sourceTree = "<group>";
		};
		F5358CB929F60273005FD6C8 /* Model */ = {
			isa = PBXGroup;
			children = (
				F550BC9A2A0E58C100BCB0F2 /* Entity */,
				F5358D2D29FF53E6005FD6C8 /* DiaryDataStore.swift */,
				F550BC982A0E58BD00BCB0F2 /* NotificationSetting.swift */,
				F53E3A8D2A0C07680064CB62 /* TextOptions.swift */,
				F5358D0929F8B8B9005FD6C8 /* WeatherDataStore.swift */,
				F5BF443C2A52FE8000217119 /* FeedbackPhrase.swift */,
				F5BF44402A5348CF00217119 /* AppVersion.swift */,
			);
			path = Model;
			sourceTree = "<group>";
		};
		F5358CBA29F6027A005FD6C8 /* View */ = {
			isa = PBXGroup;
			children = (
				F5BF44392A50577E00217119 /* Component */,
				F53E3A862A0BB6A60064CB62 /* AppInfo */,
				F5358D432A03AB8C005FD6C8 /* CreateDiary */,
				F550BCA72A1281D000BCB0F2 /* FluidGradient */,
				F5358D422A03AB72005FD6C8 /* Home */,
			);
			path = View;
			sourceTree = "<group>";
		};
		F5358CBB29F60286005FD6C8 /* Extension */ = {
			isa = PBXGroup;
			children = (
				F5358D0B29F8BB86005FD6C8 /* AsyncState.swift */,
				F549A54E2A57970C003E7F68 /* Binding+Extension.swift */,
				F550BC9B2A111C0B00BCB0F2 /* Button+Haptic.swift */,
				F5358CC129F6DFE5005FD6C8 /* Date+Extension.swift */,
				F5BF44422A54714300217119 /* Locale+Extension.swift */,
				F5358D1329FAADAC005FD6C8 /* UIImage+Extension.swift */,
				F5358D0D29F8BBE3005FD6C8 /* View+AsyncState.swift */,
				F5358D2329FEAB60005FD6C8 /* View+Extension.swift */,
			);
			path = Extension;
			sourceTree = "<group>";
		};
		F5358CBC29F602BD005FD6C8 /* Service */ = {
			isa = PBXGroup;
			children = (
				F5358CAD29F52468005FD6C8 /* CoreDataProvider.swift */,
				F5358D0F29F8BC5B005FD6C8 /* LocationService.swift */,
				F5358D1129F92DDD005FD6C8 /* NotificationService.swift */,
				F5358D2529FEB2E9005FD6C8 /* UserDefaults.swift */,
			);
			path = Service;
			sourceTree = "<group>";
		};
		F5358CFF29F80879005FD6C8 /* DiaryTests */ = {
			isa = PBXGroup;
			children = (
				F5358D0029F80879005FD6C8 /* DiaryItemTests.swift */,
				F5358D0729F8B602005FD6C8 /* MockCoreData.swift */,
			);
			path = DiaryTests;
			sourceTree = "<group>";
		};
		F5358D2229FEAB46005FD6C8 /* StyleGuide */ = {
			isa = PBXGroup;
			children = (
				F5358D3B2A00D5CF005FD6C8 /* ActionButtonStyle.swift */,
				F5358D312A000E5D005FD6C8 /* Color.swift */,
				F5578E6D2A4AE21800562FCB /* Image.swift */,
				F5358D332A000E9B005FD6C8 /* Shadow.swift */,
			);
			path = StyleGuide;
			sourceTree = "<group>";
		};
		F5358D422A03AB72005FD6C8 /* Home */ = {
			isa = PBXGroup;
			children = (
				F5358D2929FF401D005FD6C8 /* HomeView.swift */,
				F5358D392A00BB1E005FD6C8 /* FloatingActionButton.swift */,
				F53CE9672A1B7C4F00E63078 /* CalendarView.swift */,
				F5737D392A28882000D706E8 /* HomeTop.swift */,
			);
			path = Home;
			sourceTree = "<group>";
		};
		F5358D432A03AB8C005FD6C8 /* CreateDiary */ = {
			isa = PBXGroup;
			children = (
				F54395E12A45C40600C74D59 /* CreateDiaryView.swift */,
				F5737D482A303EBA00D706E8 /* CheckList.swift */,
				F5358D542A069BB2005FD6C8 /* InputTitle.swift */,
				F5358D562A069C90005FD6C8 /* InputBodyButton.swift */,
				F5358D522A0698BE005FD6C8 /* WeatherSelectButton.swift */,
			);
			path = CreateDiary;
			sourceTree = "<group>";
		};
		F53E3A742A0941180064CB62 /* App */ = {
			isa = PBXGroup;
			children = (
				F53E3A7B2A0942590064CB62 /* Banner */,
				F5358CA429F52467005FD6C8 /* DiaryApp.swift */,
				F53E3A752A09413F0064CB62 /* DiaryAppDelegate.swift */,
				F53E3A772A0941850064CB62 /* DiaryAppSceneDelegate.swift */,
				F53E3A7E2A0944A20064CB62 /* PassThroughWindow.swift */,
			);
			path = App;
			sourceTree = "<group>";
		};
		F53E3A7B2A0942590064CB62 /* Banner */ = {
			isa = PBXGroup;
			children = (
				F53E3A792A0941F20064CB62 /* BannerState.swift */,
				F53E3A7C2A0942710064CB62 /* BannerView.swift */,
			);
			path = Banner;
			sourceTree = "<group>";
		};
		F53E3A862A0BB6A60064CB62 /* AppInfo */ = {
			isa = PBXGroup;
			children = (
				F53E3A892A0BC88E0064CB62 /* AppInfoView.swift */,
				F53E3A8F2A0C8FCC0064CB62 /* BookmarkListView.swift */,
				F53E3A872A0BB6D50064CB62 /* TextOptionsView.swift */,
				F550BC942A0E499600BCB0F2 /* ReminderSettingView.swift */,
				F576D37D2A433CCC0062650A /* iCloudSetupView.swift */,
			);
			path = AppInfo;
			sourceTree = "<group>";
		};
		F550BC9A2A0E58C100BCB0F2 /* Entity */ = {
			isa = PBXGroup;
			children = (
				F5358CAF29F52468005FD6C8 /* Diary.xcdatamodeld */,
				F5358CBD29F691E8005FD6C8 /* BaseModel.swift */,
				F5737D4A2A30AE4700D706E8 /* CheckListItem+Extension.swift */,
				F5358CBF29F69276005FD6C8 /* Item+Extension.swift */,
				F5358D372A00B621005FD6C8 /* Direction.swift */,
				F53CE9622A153CB400E63078 /* WeatherSymbol.swift */,
			);
			path = Entity;
			sourceTree = "<group>";
		};
		F550BCA72A1281D000BCB0F2 /* FluidGradient */ = {
			isa = PBXGroup;
			children = (
				F550BCA82A1281EC00BCB0F2 /* ResizableLayer.swift */,
				F550BCAC2A1284EF00BCB0F2 /* FluidGradient.swift */,
				F550BCAA2A1284AC00BCB0F2 /* FluidGradientView.swift */,
				F550BCAE2A12852C00BCB0F2 /* BlobLayer.swift */,
			);
			path = FluidGradient;
			sourceTree = "<group>";
		};
		F5BF44392A50577E00217119 /* Component */ = {
			isa = PBXGroup;
			children = (
				F5BF44332A4C2CAE00217119 /* CheckListContent.swift */,
				F5BF44352A4C747900217119 /* CheckListEditor.swift */,
				F5BF44372A4F4B7B00217119 /* CheckListTextEditor.swift */,
				F568BB6C2A3B8A44000330E1 /* ContentTypeSegmentedPicker.swift */,
				F5358D502A054D05005FD6C8 /* DiaryDetailView.swift */,
				F53E3A722A087ADE0064CB62 /* DiaryImageView.swift */,
				F54395E32A47F43300C74D59 /* DiaryTextEditor.swift */,
				F5358D2F2A000DCC005FD6C8 /* DiaryItem.swift */,
				F53E3A842A0A1F510064CB62 /* DiaryList.swift */,
				F568BB6A2A3B88E2000330E1 /* DiaryContentType.swift */,
				F576D37F2A433DC10062650A /* IconWithRoundedBackground.swift */,
				F5BF443A2A5059F100217119 /* XButton.swift */,
				F5BF443E2A53170E00217119 /* SafariView.swift */,
			);
			path = Component;
			sourceTree = "<group>";
		};
		F5BF44442A557E6E00217119 /* Welcome */ = {
			isa = PBXGroup;
			children = (
				F5BF44452A557E8600217119 /* WelcomeView.swift */,
			);
			path = Welcome;
			sourceTree = "<group>";
		};
/* End PBXGroup section */

/* Begin PBXNativeTarget section */
		F5358CA029F52467005FD6C8 /* Diary */ = {
			isa = PBXNativeTarget;
			buildConfigurationList = F5358CB529F52468005FD6C8 /* Build configuration list for PBXNativeTarget "Diary" */;
			buildPhases = (
				F5358C9D29F52467005FD6C8 /* Sources */,
				F5358C9E29F52467005FD6C8 /* Frameworks */,
				F5358C9F29F52467005FD6C8 /* Resources */,
			);
			buildRules = (
			);
			dependencies = (
			);
			name = Diary;
			packageProductDependencies = (
				F549A5532A57A581003E7F68 /* FirebaseAnalytics */,
			);
			productName = Diary;
			productReference = F5358CA129F52467005FD6C8 /* Diary.app */;
			productType = "com.apple.product-type.application";
		};
		F5358CFD29F80879005FD6C8 /* DiaryTests */ = {
			isa = PBXNativeTarget;
			buildConfigurationList = F5358D0429F8087A005FD6C8 /* Build configuration list for PBXNativeTarget "DiaryTests" */;
			buildPhases = (
				F5358CFA29F80879005FD6C8 /* Sources */,
				F5358CFB29F80879005FD6C8 /* Frameworks */,
				F5358CFC29F80879005FD6C8 /* Resources */,
			);
			buildRules = (
			);
			dependencies = (
				F5358D0329F80879005FD6C8 /* PBXTargetDependency */,
			);
			name = DiaryTests;
			productName = DiaryTests;
			productReference = F5358CFE29F80879005FD6C8 /* DiaryTests.xctest */;
			productType = "com.apple.product-type.bundle.unit-test";
		};
/* End PBXNativeTarget section */

/* Begin PBXProject section */
		F5358C9929F52467005FD6C8 /* Project object */ = {
			isa = PBXProject;
			attributes = {
				BuildIndependentTargetsInParallel = 1;
				LastSwiftUpdateCheck = 1430;
				LastUpgradeCheck = 1430;
				TargetAttributes = {
					F5358CA029F52467005FD6C8 = {
						CreatedOnToolsVersion = 14.3;
					};
					F5358CFD29F80879005FD6C8 = {
						CreatedOnToolsVersion = 14.3;
						TestTargetID = F5358CA029F52467005FD6C8;
					};
				};
			};
			buildConfigurationList = F5358C9C29F52467005FD6C8 /* Build configuration list for PBXProject "Diary" */;
			compatibilityVersion = "Xcode 14.0";
			developmentRegion = ja;
			hasScannedForEncodings = 0;
			knownRegions = (
				en,
				Base,
				ja,
			);
			mainGroup = F5358C9829F52467005FD6C8;
			packageReferences = (
				F549A5522A57A581003E7F68 /* XCRemoteSwiftPackageReference "firebase-ios-sdk" */,
			);
			productRefGroup = F5358CA229F52467005FD6C8 /* Products */;
			projectDirPath = "";
			projectRoot = "";
			targets = (
				F5358CA029F52467005FD6C8 /* Diary */,
				F5358CFD29F80879005FD6C8 /* DiaryTests */,
			);
		};
/* End PBXProject section */

/* Begin PBXResourcesBuildPhase section */
		F5358C9F29F52467005FD6C8 /* Resources */ = {
			isa = PBXResourcesBuildPhase;
			buildActionMask = 2147483647;
			files = (
				F5358CAC29F52468005FD6C8 /* Preview Assets.xcassets in Resources */,
				F5358CA929F52468005FD6C8 /* Assets.xcassets in Resources */,
				F549A5512A57A496003E7F68 /* GoogleService-Info.plist in Resources */,
			);
			runOnlyForDeploymentPostprocessing = 0;
		};
		F5358CFC29F80879005FD6C8 /* Resources */ = {
			isa = PBXResourcesBuildPhase;
			buildActionMask = 2147483647;
			files = (
			);
			runOnlyForDeploymentPostprocessing = 0;
		};
/* End PBXResourcesBuildPhase section */

/* Begin PBXSourcesBuildPhase section */
		F5358C9D29F52467005FD6C8 /* Sources */ = {
			isa = PBXSourcesBuildPhase;
			buildActionMask = 2147483647;
			files = (
				F5358D1429FAADAC005FD6C8 /* UIImage+Extension.swift in Sources */,
				F5358D0A29F8B8B9005FD6C8 /* WeatherDataStore.swift in Sources */,
				F5358CAE29F52468005FD6C8 /* CoreDataProvider.swift in Sources */,
				F576D37E2A433CCC0062650A /* iCloudSetupView.swift in Sources */,
				F53E3A7A2A0941F20064CB62 /* BannerState.swift in Sources */,
				F53CE9682A1B7C4F00E63078 /* CalendarView.swift in Sources */,
				F5358D302A000DCC005FD6C8 /* DiaryItem.swift in Sources */,
				F53E3A902A0C8FCC0064CB62 /* BookmarkListView.swift in Sources */,
				F53E3A8A2A0BC88E0064CB62 /* AppInfoView.swift in Sources */,
				F5358D0C29F8BB86005FD6C8 /* AsyncState.swift in Sources */,
				F568BB6B2A3B88E2000330E1 /* DiaryContentType.swift in Sources */,
				F5358D3C2A00D5CF005FD6C8 /* ActionButtonStyle.swift in Sources */,
				F5BF44362A4C747900217119 /* CheckListEditor.swift in Sources */,
				F53E3A882A0BB6D50064CB62 /* TextOptionsView.swift in Sources */,
				F5BF443D2A52FE8000217119 /* FeedbackPhrase.swift in Sources */,
				F53E3A7D2A0942710064CB62 /* BannerView.swift in Sources */,
				F5358D1229F92DDD005FD6C8 /* NotificationService.swift in Sources */,
				F5358D532A0698BE005FD6C8 /* WeatherSelectButton.swift in Sources */,
				F5358D552A069BB2005FD6C8 /* InputTitle.swift in Sources */,
				F5358CC029F69276005FD6C8 /* Item+Extension.swift in Sources */,
				F5BF44462A557E8600217119 /* WelcomeView.swift in Sources */,
				F5358CA529F52467005FD6C8 /* DiaryApp.swift in Sources */,
				F54395E42A47F43400C74D59 /* DiaryTextEditor.swift in Sources */,
				F5BF44342A4C2CAE00217119 /* CheckListContent.swift in Sources */,
				F550BC992A0E58BD00BCB0F2 /* NotificationSetting.swift in Sources */,
				F550BCAD2A1284EF00BCB0F2 /* FluidGradient.swift in Sources */,
				F5737D3A2A28882000D706E8 /* HomeTop.swift in Sources */,
				F5737D492A303EBA00D706E8 /* CheckList.swift in Sources */,
				F5358D512A054D05005FD6C8 /* DiaryDetailView.swift in Sources */,
				F5358D3A2A00BB1E005FD6C8 /* FloatingActionButton.swift in Sources */,
				F5737D4B2A30AE4700D706E8 /* CheckListItem+Extension.swift in Sources */,
				F53E3A782A0941850064CB62 /* DiaryAppSceneDelegate.swift in Sources */,
				F5358D1029F8BC5B005FD6C8 /* LocationService.swift in Sources */,
				F5358D572A069C90005FD6C8 /* InputBodyButton.swift in Sources */,
				F5358CC229F6DFE5005FD6C8 /* Date+Extension.swift in Sources */,
				F576D3802A433DC10062650A /* IconWithRoundedBackground.swift in Sources */,
				F5578E6E2A4AE21800562FCB /* Image.swift in Sources */,
				F53E3A762A09413F0064CB62 /* DiaryAppDelegate.swift in Sources */,
				F53E3A732A087ADE0064CB62 /* DiaryImageView.swift in Sources */,
				F5BF44382A4F4B7B00217119 /* CheckListTextEditor.swift in Sources */,
				F5358D322A000E5D005FD6C8 /* Color.swift in Sources */,
				F53E3A7F2A0944A20064CB62 /* PassThroughWindow.swift in Sources */,
				F5BF44432A54714300217119 /* Locale+Extension.swift in Sources */,
				F550BCAF2A12852C00BCB0F2 /* BlobLayer.swift in Sources */,
				F5358D0E29F8BBE3005FD6C8 /* View+AsyncState.swift in Sources */,
				F550BCA92A1281EC00BCB0F2 /* ResizableLayer.swift in Sources */,
				F5358D2E29FF53E6005FD6C8 /* DiaryDataStore.swift in Sources */,
				F54395E22A45C40600C74D59 /* CreateDiaryView.swift in Sources */,
				F5358D382A00B621005FD6C8 /* Direction.swift in Sources */,
				F550BC9C2A111C0B00BCB0F2 /* Button+Haptic.swift in Sources */,
				F5BF44412A5348CF00217119 /* AppVersion.swift in Sources */,
				F53E3A8E2A0C07680064CB62 /* TextOptions.swift in Sources */,
				F5BF443B2A5059F100217119 /* XButton.swift in Sources */,
				F5BF443F2A53170E00217119 /* SafariView.swift in Sources */,
				F550BCAB2A1284AC00BCB0F2 /* FluidGradientView.swift in Sources */,
				F53E3A852A0A1F510064CB62 /* DiaryList.swift in Sources */,
				F568BB6D2A3B8A44000330E1 /* ContentTypeSegmentedPicker.swift in Sources */,
				F5358D2629FEB2E9005FD6C8 /* UserDefaults.swift in Sources */,
				F53CE9632A153CB400E63078 /* WeatherSymbol.swift in Sources */,
				F5358CB129F52468005FD6C8 /* Diary.xcdatamodeld in Sources */,
				F550BC952A0E499600BCB0F2 /* ReminderSettingView.swift in Sources */,
				F549A54F2A57970C003E7F68 /* Binding+Extension.swift in Sources */,
				F5358D2A29FF401D005FD6C8 /* HomeView.swift in Sources */,
				F5358D342A000E9B005FD6C8 /* Shadow.swift in Sources */,
				F5358D2429FEAB60005FD6C8 /* View+Extension.swift in Sources */,
				F5358CBE29F691E8005FD6C8 /* BaseModel.swift in Sources */,
			);
			runOnlyForDeploymentPostprocessing = 0;
		};
		F5358CFA29F80879005FD6C8 /* Sources */ = {
			isa = PBXSourcesBuildPhase;
			buildActionMask = 2147483647;
			files = (
				F5358D0829F8B602005FD6C8 /* MockCoreData.swift in Sources */,
				F5358D0129F80879005FD6C8 /* DiaryItemTests.swift in Sources */,
			);
			runOnlyForDeploymentPostprocessing = 0;
		};
/* End PBXSourcesBuildPhase section */

/* Begin PBXTargetDependency section */
		F5358D0329F80879005FD6C8 /* PBXTargetDependency */ = {
			isa = PBXTargetDependency;
			target = F5358CA029F52467005FD6C8 /* Diary */;
			targetProxy = F5358D0229F80879005FD6C8 /* PBXContainerItemProxy */;
		};
/* End PBXTargetDependency section */

/* Begin XCBuildConfiguration section */
		F5358CB329F52468005FD6C8 /* Debug */ = {
			isa = XCBuildConfiguration;
			buildSettings = {
				ALWAYS_SEARCH_USER_PATHS = NO;
				CLANG_ANALYZER_NONNULL = YES;
				CLANG_ANALYZER_NUMBER_OBJECT_CONVERSION = YES_AGGRESSIVE;
				CLANG_CXX_LANGUAGE_STANDARD = "gnu++20";
				CLANG_ENABLE_MODULES = YES;
				CLANG_ENABLE_OBJC_ARC = YES;
				CLANG_ENABLE_OBJC_WEAK = YES;
				CLANG_WARN_BLOCK_CAPTURE_AUTORELEASING = YES;
				CLANG_WARN_BOOL_CONVERSION = YES;
				CLANG_WARN_COMMA = YES;
				CLANG_WARN_CONSTANT_CONVERSION = YES;
				CLANG_WARN_DEPRECATED_OBJC_IMPLEMENTATIONS = YES;
				CLANG_WARN_DIRECT_OBJC_ISA_USAGE = YES_ERROR;
				CLANG_WARN_DOCUMENTATION_COMMENTS = YES;
				CLANG_WARN_EMPTY_BODY = YES;
				CLANG_WARN_ENUM_CONVERSION = YES;
				CLANG_WARN_INFINITE_RECURSION = YES;
				CLANG_WARN_INT_CONVERSION = YES;
				CLANG_WARN_NON_LITERAL_NULL_CONVERSION = YES;
				CLANG_WARN_OBJC_IMPLICIT_RETAIN_SELF = YES;
				CLANG_WARN_OBJC_LITERAL_CONVERSION = YES;
				CLANG_WARN_OBJC_ROOT_CLASS = YES_ERROR;
				CLANG_WARN_QUOTED_INCLUDE_IN_FRAMEWORK_HEADER = YES;
				CLANG_WARN_RANGE_LOOP_ANALYSIS = YES;
				CLANG_WARN_STRICT_PROTOTYPES = YES;
				CLANG_WARN_SUSPICIOUS_MOVE = YES;
				CLANG_WARN_UNGUARDED_AVAILABILITY = YES_AGGRESSIVE;
				CLANG_WARN_UNREACHABLE_CODE = YES;
				CLANG_WARN__DUPLICATE_METHOD_MATCH = YES;
				COPY_PHASE_STRIP = NO;
				DEBUG_INFORMATION_FORMAT = dwarf;
				ENABLE_STRICT_OBJC_MSGSEND = YES;
				ENABLE_TESTABILITY = YES;
				GCC_C_LANGUAGE_STANDARD = gnu11;
				GCC_DYNAMIC_NO_PIC = NO;
				GCC_NO_COMMON_BLOCKS = YES;
				GCC_OPTIMIZATION_LEVEL = 0;
				GCC_PREPROCESSOR_DEFINITIONS = (
					"DEBUG=1",
					"$(inherited)",
				);
				GCC_WARN_64_TO_32_BIT_CONVERSION = YES;
				GCC_WARN_ABOUT_RETURN_TYPE = YES_ERROR;
				GCC_WARN_UNDECLARED_SELECTOR = YES;
				GCC_WARN_UNINITIALIZED_AUTOS = YES_AGGRESSIVE;
				GCC_WARN_UNUSED_FUNCTION = YES;
				GCC_WARN_UNUSED_VARIABLE = YES;
				IPHONEOS_DEPLOYMENT_TARGET = 16.2;
				MTL_ENABLE_DEBUG_INFO = INCLUDE_SOURCE;
				MTL_FAST_MATH = YES;
				ONLY_ACTIVE_ARCH = YES;
				SDKROOT = iphoneos;
				SWIFT_ACTIVE_COMPILATION_CONDITIONS = DEBUG;
				SWIFT_OPTIMIZATION_LEVEL = "-Onone";
			};
			name = Debug;
		};
		F5358CB429F52468005FD6C8 /* Release */ = {
			isa = XCBuildConfiguration;
			buildSettings = {
				ALWAYS_SEARCH_USER_PATHS = NO;
				CLANG_ANALYZER_NONNULL = YES;
				CLANG_ANALYZER_NUMBER_OBJECT_CONVERSION = YES_AGGRESSIVE;
				CLANG_CXX_LANGUAGE_STANDARD = "gnu++20";
				CLANG_ENABLE_MODULES = YES;
				CLANG_ENABLE_OBJC_ARC = YES;
				CLANG_ENABLE_OBJC_WEAK = YES;
				CLANG_WARN_BLOCK_CAPTURE_AUTORELEASING = YES;
				CLANG_WARN_BOOL_CONVERSION = YES;
				CLANG_WARN_COMMA = YES;
				CLANG_WARN_CONSTANT_CONVERSION = YES;
				CLANG_WARN_DEPRECATED_OBJC_IMPLEMENTATIONS = YES;
				CLANG_WARN_DIRECT_OBJC_ISA_USAGE = YES_ERROR;
				CLANG_WARN_DOCUMENTATION_COMMENTS = YES;
				CLANG_WARN_EMPTY_BODY = YES;
				CLANG_WARN_ENUM_CONVERSION = YES;
				CLANG_WARN_INFINITE_RECURSION = YES;
				CLANG_WARN_INT_CONVERSION = YES;
				CLANG_WARN_NON_LITERAL_NULL_CONVERSION = YES;
				CLANG_WARN_OBJC_IMPLICIT_RETAIN_SELF = YES;
				CLANG_WARN_OBJC_LITERAL_CONVERSION = YES;
				CLANG_WARN_OBJC_ROOT_CLASS = YES_ERROR;
				CLANG_WARN_QUOTED_INCLUDE_IN_FRAMEWORK_HEADER = YES;
				CLANG_WARN_RANGE_LOOP_ANALYSIS = YES;
				CLANG_WARN_STRICT_PROTOTYPES = YES;
				CLANG_WARN_SUSPICIOUS_MOVE = YES;
				CLANG_WARN_UNGUARDED_AVAILABILITY = YES_AGGRESSIVE;
				CLANG_WARN_UNREACHABLE_CODE = YES;
				CLANG_WARN__DUPLICATE_METHOD_MATCH = YES;
				COPY_PHASE_STRIP = NO;
				DEBUG_INFORMATION_FORMAT = "dwarf-with-dsym";
				ENABLE_NS_ASSERTIONS = NO;
				ENABLE_STRICT_OBJC_MSGSEND = YES;
				GCC_C_LANGUAGE_STANDARD = gnu11;
				GCC_NO_COMMON_BLOCKS = YES;
				GCC_WARN_64_TO_32_BIT_CONVERSION = YES;
				GCC_WARN_ABOUT_RETURN_TYPE = YES_ERROR;
				GCC_WARN_UNDECLARED_SELECTOR = YES;
				GCC_WARN_UNINITIALIZED_AUTOS = YES_AGGRESSIVE;
				GCC_WARN_UNUSED_FUNCTION = YES;
				GCC_WARN_UNUSED_VARIABLE = YES;
				IPHONEOS_DEPLOYMENT_TARGET = 16.2;
				MTL_ENABLE_DEBUG_INFO = NO;
				MTL_FAST_MATH = YES;
				SDKROOT = iphoneos;
				SWIFT_COMPILATION_MODE = wholemodule;
				SWIFT_OPTIMIZATION_LEVEL = "-O";
				VALIDATE_PRODUCT = YES;
			};
			name = Release;
		};
		F5358CB629F52468005FD6C8 /* Debug */ = {
			isa = XCBuildConfiguration;
			buildSettings = {
				ASSETCATALOG_COMPILER_APPICON_NAME = AppIcon;
				ASSETCATALOG_COMPILER_GLOBAL_ACCENT_COLOR_NAME = AccentColor;
				CODE_SIGN_ENTITLEMENTS = Diary/Diary.entitlements;
				CODE_SIGN_STYLE = Automatic;
				CURRENT_PROJECT_VERSION = 1;
				DEVELOPMENT_ASSET_PATHS = "\"Diary/Preview Content\"";
				DEVELOPMENT_TEAM = EAZT2D654U;
				ENABLE_PREVIEWS = YES;
				GENERATE_INFOPLIST_FILE = YES;
				INFOPLIST_FILE = Diary/Info.plist;
				INFOPLIST_KEY_CFBundleDisplayName = Shizuku;
				INFOPLIST_KEY_LSApplicationCategoryType = "public.app-category.lifestyle";
				INFOPLIST_KEY_NSLocationWhenInUseUsageDescription = "日記に自動で正確な天気予報を表示するために利用します。";
				INFOPLIST_KEY_UIApplicationSceneManifest_Generation = YES;
				INFOPLIST_KEY_UIApplicationSupportsIndirectInputEvents = YES;
				INFOPLIST_KEY_UILaunchScreen_Generation = YES;
				INFOPLIST_KEY_UISupportedInterfaceOrientations = "UIInterfaceOrientationLandscapeLeft UIInterfaceOrientationLandscapeRight UIInterfaceOrientationPortrait UIInterfaceOrientationPortraitUpsideDown";
				INFOPLIST_KEY_UIUserInterfaceStyle = Light;
				IPHONEOS_DEPLOYMENT_TARGET = 16.2;
				LD_RUNPATH_SEARCH_PATHS = (
					"$(inherited)",
					"@executable_path/Frameworks",
				);
				MARKETING_VERSION = 1.0;
				PRODUCT_BUNDLE_IDENTIFIER = com.yyokii.Diary;
				PRODUCT_NAME = "$(TARGET_NAME)";
				SUPPORTED_PLATFORMS = "iphoneos iphonesimulator";
				SUPPORTS_MACCATALYST = NO;
				SUPPORTS_MAC_DESIGNED_FOR_IPHONE_IPAD = YES;
				SWIFT_EMIT_LOC_STRINGS = YES;
				SWIFT_VERSION = 5.0;
				TARGETED_DEVICE_FAMILY = "1,2";
			};
			name = Debug;
		};
		F5358CB729F52468005FD6C8 /* Release */ = {
			isa = XCBuildConfiguration;
			buildSettings = {
				ASSETCATALOG_COMPILER_APPICON_NAME = AppIcon;
				ASSETCATALOG_COMPILER_GLOBAL_ACCENT_COLOR_NAME = AccentColor;
				CODE_SIGN_ENTITLEMENTS = Diary/Diary.entitlements;
				CODE_SIGN_STYLE = Automatic;
				CURRENT_PROJECT_VERSION = 1;
				DEVELOPMENT_ASSET_PATHS = "\"Diary/Preview Content\"";
				DEVELOPMENT_TEAM = EAZT2D654U;
				ENABLE_PREVIEWS = YES;
				GENERATE_INFOPLIST_FILE = YES;
				INFOPLIST_FILE = Diary/Info.plist;
				INFOPLIST_KEY_CFBundleDisplayName = Shizuku;
				INFOPLIST_KEY_LSApplicationCategoryType = "public.app-category.lifestyle";
				INFOPLIST_KEY_NSLocationWhenInUseUsageDescription = "日記に自動で正確な天気予報を表示するために利用します。";
				INFOPLIST_KEY_UIApplicationSceneManifest_Generation = YES;
				INFOPLIST_KEY_UIApplicationSupportsIndirectInputEvents = YES;
				INFOPLIST_KEY_UILaunchScreen_Generation = YES;
				INFOPLIST_KEY_UISupportedInterfaceOrientations = "UIInterfaceOrientationLandscapeLeft UIInterfaceOrientationLandscapeRight UIInterfaceOrientationPortrait UIInterfaceOrientationPortraitUpsideDown";
				INFOPLIST_KEY_UIUserInterfaceStyle = Light;
				IPHONEOS_DEPLOYMENT_TARGET = 16.2;
				LD_RUNPATH_SEARCH_PATHS = (
					"$(inherited)",
					"@executable_path/Frameworks",
				);
				MARKETING_VERSION = 1.0;
				PRODUCT_BUNDLE_IDENTIFIER = com.yyokii.Diary;
				PRODUCT_NAME = "$(TARGET_NAME)";
				SUPPORTED_PLATFORMS = "iphoneos iphonesimulator";
				SUPPORTS_MACCATALYST = NO;
				SUPPORTS_MAC_DESIGNED_FOR_IPHONE_IPAD = YES;
				SWIFT_EMIT_LOC_STRINGS = YES;
				SWIFT_VERSION = 5.0;
				TARGETED_DEVICE_FAMILY = "1,2";
			};
			name = Release;
		};
		F5358D0529F8087A005FD6C8 /* Debug */ = {
			isa = XCBuildConfiguration;
			buildSettings = {
				BUNDLE_LOADER = "$(TEST_HOST)";
				CODE_SIGN_STYLE = Automatic;
				CURRENT_PROJECT_VERSION = 1;
				DEVELOPMENT_TEAM = EAZT2D654U;
				GENERATE_INFOPLIST_FILE = YES;
				IPHONEOS_DEPLOYMENT_TARGET = 16.4;
				MARKETING_VERSION = 1.0;
				PRODUCT_BUNDLE_IDENTIFIER = com.yyokii.DiaryTests;
				PRODUCT_NAME = "$(TARGET_NAME)";
				SWIFT_EMIT_LOC_STRINGS = NO;
				SWIFT_VERSION = 5.0;
				TARGETED_DEVICE_FAMILY = "1,2";
				TEST_HOST = "$(BUILT_PRODUCTS_DIR)/Diary.app/$(BUNDLE_EXECUTABLE_FOLDER_PATH)/Diary";
			};
			name = Debug;
		};
		F5358D0629F8087A005FD6C8 /* Release */ = {
			isa = XCBuildConfiguration;
			buildSettings = {
				BUNDLE_LOADER = "$(TEST_HOST)";
				CODE_SIGN_STYLE = Automatic;
				CURRENT_PROJECT_VERSION = 1;
				DEVELOPMENT_TEAM = EAZT2D654U;
				GENERATE_INFOPLIST_FILE = YES;
				IPHONEOS_DEPLOYMENT_TARGET = 16.4;
				MARKETING_VERSION = 1.0;
				PRODUCT_BUNDLE_IDENTIFIER = com.yyokii.DiaryTests;
				PRODUCT_NAME = "$(TARGET_NAME)";
				SWIFT_EMIT_LOC_STRINGS = NO;
				SWIFT_VERSION = 5.0;
				TARGETED_DEVICE_FAMILY = "1,2";
				TEST_HOST = "$(BUILT_PRODUCTS_DIR)/Diary.app/$(BUNDLE_EXECUTABLE_FOLDER_PATH)/Diary";
			};
			name = Release;
		};
/* End XCBuildConfiguration section */

/* Begin XCConfigurationList section */
		F5358C9C29F52467005FD6C8 /* Build configuration list for PBXProject "Diary" */ = {
			isa = XCConfigurationList;
			buildConfigurations = (
				F5358CB329F52468005FD6C8 /* Debug */,
				F5358CB429F52468005FD6C8 /* Release */,
			);
			defaultConfigurationIsVisible = 0;
			defaultConfigurationName = Release;
		};
		F5358CB529F52468005FD6C8 /* Build configuration list for PBXNativeTarget "Diary" */ = {
			isa = XCConfigurationList;
			buildConfigurations = (
				F5358CB629F52468005FD6C8 /* Debug */,
				F5358CB729F52468005FD6C8 /* Release */,
			);
			defaultConfigurationIsVisible = 0;
			defaultConfigurationName = Release;
		};
		F5358D0429F8087A005FD6C8 /* Build configuration list for PBXNativeTarget "DiaryTests" */ = {
			isa = XCConfigurationList;
			buildConfigurations = (
				F5358D0529F8087A005FD6C8 /* Debug */,
				F5358D0629F8087A005FD6C8 /* Release */,
			);
			defaultConfigurationIsVisible = 0;
			defaultConfigurationName = Release;
		};
/* End XCConfigurationList section */

/* Begin XCRemoteSwiftPackageReference section */
		F549A5522A57A581003E7F68 /* XCRemoteSwiftPackageReference "firebase-ios-sdk" */ = {
			isa = XCRemoteSwiftPackageReference;
			repositoryURL = "https://github.com/firebase/firebase-ios-sdk";
			requirement = {
				kind = upToNextMajorVersion;
				minimumVersion = 10.0.0;
			};
		};
/* End XCRemoteSwiftPackageReference section */

/* Begin XCSwiftPackageProductDependency section */
		F549A5532A57A581003E7F68 /* FirebaseAnalytics */ = {
			isa = XCSwiftPackageProductDependency;
			package = F549A5522A57A581003E7F68 /* XCRemoteSwiftPackageReference "firebase-ios-sdk" */;
			productName = FirebaseAnalytics;
		};
/* End XCSwiftPackageProductDependency section */

/* Begin XCVersionGroup section */
		F5358CAF29F52468005FD6C8 /* Diary.xcdatamodeld */ = {
			isa = XCVersionGroup;
			children = (
				F5358CB029F52468005FD6C8 /* Diary.xcdatamodel */,
			);
			currentVersion = F5358CB029F52468005FD6C8 /* Diary.xcdatamodel */;
			path = Diary.xcdatamodeld;
			sourceTree = "<group>";
			versionGroupType = wrapper.xcdatamodel;
		};
/* End XCVersionGroup section */
	};
	rootObject = F5358C9929F52467005FD6C8 /* Project object */;
}
